version = 1
revision = 3
requires-python = ">=3.10"

[[package]]
name = "cffi"
version = "2.0.0"
source = { registry = "https://pypi.org/simple" }
dependencies = [
    { name = "pycparser", marker = "implementation_name != 'PyPy'" },
]
sdist = { url = "https://files.pythonhosted.org/packages/eb/56/b1ba7935a17738ae8453301356628e8147c79dbb825bcbc73dc7401f9846/cffi-2.0.0.tar.gz", hash = "sha256:44d1b5909021139fe36001ae048dbdde8214afa20200eda0f64c068cac5d5529", size = 523588, upload-time = "2025-09-08T23:24:04.541Z" }
wheels = [
    { url = "https://files.pythonhosted.org/packages/93/d7/516d984057745a6cd96575eea814fe1edd6646ee6efd552fb7b0921dec83/cffi-2.0.0-cp310-cp310-macosx_10_13_x86_64.whl", hash = "sha256:0cf2d91ecc3fcc0625c2c530fe004f82c110405f101548512cce44322fa8ac44", size = 184283, upload-time = "2025-09-08T23:22:08.01Z" },
    { url = "https://files.pythonhosted.org/packages/9e/84/ad6a0b408daa859246f57c03efd28e5dd1b33c21737c2db84cae8c237aa5/cffi-2.0.0-cp310-cp310-macosx_11_0_arm64.whl", hash = "sha256:f73b96c41e3b2adedc34a7356e64c8eb96e03a3782b535e043a986276ce12a49", size = 180504, upload-time = "2025-09-08T23:22:10.637Z" },
    { url = "https://files.pythonhosted.org/packages/50/bd/b1a6362b80628111e6653c961f987faa55262b4002fcec42308cad1db680/cffi-2.0.0-cp310-cp310-manylinux1_i686.manylinux2014_i686.manylinux_2_17_i686.manylinux_2_5_i686.whl", hash = "sha256:53f77cbe57044e88bbd5ed26ac1d0514d2acf0591dd6bb02a3ae37f76811b80c", size = 208811, upload-time = "2025-09-08T23:22:12.267Z" },
    { url = "https://files.pythonhosted.org/packages/4f/27/6933a8b2562d7bd1fb595074cf99cc81fc3789f6a6c05cdabb46284a3188/cffi-2.0.0-cp310-cp310-manylinux2014_aarch64.manylinux_2_17_aarch64.whl", hash = "sha256:3e837e369566884707ddaf85fc1744b47575005c0a229de3327f8f9a20f4efeb", size = 216402, upload-time = "2025-09-08T23:22:13.455Z" },
    { url = "https://files.pythonhosted.org/packages/05/eb/b86f2a2645b62adcfff53b0dd97e8dfafb5c8aa864bd0d9a2c2049a0d551/cffi-2.0.0-cp310-cp310-manylinux2014_ppc64le.manylinux_2_17_ppc64le.whl", hash = "sha256:5eda85d6d1879e692d546a078b44251cdd08dd1cfb98dfb77b670c97cee49ea0", size = 203217, upload-time = "2025-09-08T23:22:14.596Z" },
    { url = "https://files.pythonhosted.org/packages/9f/e0/6cbe77a53acf5acc7c08cc186c9928864bd7c005f9efd0d126884858a5fe/cffi-2.0.0-cp310-cp310-manylinux2014_s390x.manylinux_2_17_s390x.whl", hash = "sha256:9332088d75dc3241c702d852d4671613136d90fa6881da7d770a483fd05248b4", size = 203079, upload-time = "2025-09-08T23:22:15.769Z" },
    { url = "https://files.pythonhosted.org/packages/98/29/9b366e70e243eb3d14a5cb488dfd3a0b6b2f1fb001a203f653b93ccfac88/cffi-2.0.0-cp310-cp310-manylinux2014_x86_64.manylinux_2_17_x86_64.whl", hash = "sha256:fc7de24befaeae77ba923797c7c87834c73648a05a4bde34b3b7e5588973a453", size = 216475, upload-time = "2025-09-08T23:22:17.427Z" },
    { url = "https://files.pythonhosted.org/packages/21/7a/13b24e70d2f90a322f2900c5d8e1f14fa7e2a6b3332b7309ba7b2ba51a5a/cffi-2.0.0-cp310-cp310-musllinux_1_2_aarch64.whl", hash = "sha256:cf364028c016c03078a23b503f02058f1814320a56ad535686f90565636a9495", size = 218829, upload-time = "2025-09-08T23:22:19.069Z" },
    { url = "https://files.pythonhosted.org/packages/60/99/c9dc110974c59cc981b1f5b66e1d8af8af764e00f0293266824d9c4254bc/cffi-2.0.0-cp310-cp310-musllinux_1_2_i686.whl", hash = "sha256:e11e82b744887154b182fd3e7e8512418446501191994dbf9c9fc1f32cc8efd5", size = 211211, upload-time = "2025-09-08T23:22:20.588Z" },
    { url = "https://files.pythonhosted.org/packages/49/72/ff2d12dbf21aca1b32a40ed792ee6b40f6dc3a9cf1644bd7ef6e95e0ac5e/cffi-2.0.0-cp310-cp310-musllinux_1_2_x86_64.whl", hash = "sha256:8ea985900c5c95ce9db1745f7933eeef5d314f0565b27625d9a10ec9881e1bfb", size = 218036, upload-time = "2025-09-08T23:22:22.143Z" },
    { url = "https://files.pythonhosted.org/packages/e2/cc/027d7fb82e58c48ea717149b03bcadcbdc293553edb283af792bd4bcbb3f/cffi-2.0.0-cp310-cp310-win32.whl", hash = "sha256:1f72fb8906754ac8a2cc3f9f5aaa298070652a0ffae577e0ea9bd480dc3c931a", size = 172184, upload-time = "2025-09-08T23:22:23.328Z" },
    { url = "https://files.pythonhosted.org/packages/33/fa/072dd15ae27fbb4e06b437eb6e944e75b068deb09e2a2826039e49ee2045/cffi-2.0.0-cp310-cp310-win_amd64.whl", hash = "sha256:b18a3ed7d5b3bd8d9ef7a8cb226502c6bf8308df1525e1cc676c3680e7176739", size = 182790, upload-time = "2025-09-08T23:22:24.752Z" },
    { url = "https://files.pythonhosted.org/packages/12/4a/3dfd5f7850cbf0d06dc84ba9aa00db766b52ca38d8b86e3a38314d52498c/cffi-2.0.0-cp311-cp311-macosx_10_13_x86_64.whl", hash = "sha256:b4c854ef3adc177950a8dfc81a86f5115d2abd545751a304c5bcf2c2c7283cfe", size = 184344, upload-time = "2025-09-08T23:22:26.456Z" },
    { url = "https://files.pythonhosted.org/packages/4f/8b/f0e4c441227ba756aafbe78f117485b25bb26b1c059d01f137fa6d14896b/cffi-2.0.0-cp311-cp311-macosx_11_0_arm64.whl", hash = "sha256:2de9a304e27f7596cd03d16f1b7c72219bd944e99cc52b84d0145aefb07cbd3c", size = 180560, upload-time = "2025-09-08T23:22:28.197Z" },
    { url = "https://files.pythonhosted.org/packages/b1/b7/1200d354378ef52ec227395d95c2576330fd22a869f7a70e88e1447eb234/cffi-2.0.0-cp311-cp311-manylinux1_i686.manylinux2014_i686.manylinux_2_17_i686.manylinux_2_5_i686.whl", hash = "sha256:baf5215e0ab74c16e2dd324e8ec067ef59e41125d3eade2b863d294fd5035c92", size = 209613, upload-time = "2025-09-08T23:22:29.475Z" },
    { url = "https://files.pythonhosted.org/packages/b8/56/6033f5e86e8cc9bb629f0077ba71679508bdf54a9a5e112a3c0b91870332/cffi-2.0.0-cp311-cp311-manylinux2014_aarch64.manylinux_2_17_aarch64.whl", hash = "sha256:730cacb21e1bdff3ce90babf007d0a0917cc3e6492f336c2f0134101e0944f93", size = 216476, upload-time = "2025-09-08T23:22:31.063Z" },
    { url = "https://files.pythonhosted.org/packages/dc/7f/55fecd70f7ece178db2f26128ec41430d8720f2d12ca97bf8f0a628207d5/cffi-2.0.0-cp311-cp311-manylinux2014_ppc64le.manylinux_2_17_ppc64le.whl", hash = "sha256:6824f87845e3396029f3820c206e459ccc91760e8fa24422f8b0c3d1731cbec5", size = 203374, upload-time = "2025-09-08T23:22:32.507Z" },
    { url = "https://files.pythonhosted.org/packages/84/ef/a7b77c8bdc0f77adc3b46888f1ad54be8f3b7821697a7b89126e829e676a/cffi-2.0.0-cp311-cp311-manylinux2014_s390x.manylinux_2_17_s390x.whl", hash = "sha256:9de40a7b0323d889cf8d23d1ef214f565ab154443c42737dfe52ff82cf857664", size = 202597, upload-time = "2025-09-08T23:22:34.132Z" },
    { url = "https://files.pythonhosted.org/packages/d7/91/500d892b2bf36529a75b77958edfcd5ad8e2ce4064ce2ecfeab2125d72d1/cffi-2.0.0-cp311-cp311-manylinux2014_x86_64.manylinux_2_17_x86_64.whl", hash = "sha256:8941aaadaf67246224cee8c3803777eed332a19d909b47e29c9842ef1e79ac26", size = 215574, upload-time = "2025-09-08T23:22:35.443Z" },
    { url = "https://files.pythonhosted.org/packages/44/64/58f6255b62b101093d5df22dcb752596066c7e89dd725e0afaed242a61be/cffi-2.0.0-cp311-cp311-musllinux_1_2_aarch64.whl", hash = "sha256:a05d0c237b3349096d3981b727493e22147f934b20f6f125a3eba8f994bec4a9", size = 218971, upload-time = "2025-09-08T23:22:36.805Z" },
    { url = "https://files.pythonhosted.org/packages/ab/49/fa72cebe2fd8a55fbe14956f9970fe8eb1ac59e5df042f603ef7c8ba0adc/cffi-2.0.0-cp311-cp311-musllinux_1_2_i686.whl", hash = "sha256:94698a9c5f91f9d138526b48fe26a199609544591f859c870d477351dc7b2414", size = 211972, upload-time = "2025-09-08T23:22:38.436Z" },
    { url = "https://files.pythonhosted.org/packages/0b/28/dd0967a76aab36731b6ebfe64dec4e981aff7e0608f60c2d46b46982607d/cffi-2.0.0-cp311-cp311-musllinux_1_2_x86_64.whl", hash = "sha256:5fed36fccc0612a53f1d4d9a816b50a36702c28a2aa880cb8a122b3466638743", size = 217078, upload-time = "2025-09-08T23:22:39.776Z" },
    { url = "https://files.pythonhosted.org/packages/2b/c0/015b25184413d7ab0a410775fdb4a50fca20f5589b5dab1dbbfa3baad8ce/cffi-2.0.0-cp311-cp311-win32.whl", hash = "sha256:c649e3a33450ec82378822b3dad03cc228b8f5963c0c12fc3b1e0ab940f768a5", size = 172076, upload-time = "2025-09-08T23:22:40.95Z" },
    { url = "https://files.pythonhosted.org/packages/ae/8f/dc5531155e7070361eb1b7e4c1a9d896d0cb21c49f807a6c03fd63fc877e/cffi-2.0.0-cp311-cp311-win_amd64.whl", hash = "sha256:66f011380d0e49ed280c789fbd08ff0d40968ee7b665575489afa95c98196ab5", size = 182820, upload-time = "2025-09-08T23:22:42.463Z" },
    { url = "https://files.pythonhosted.org/packages/95/5c/1b493356429f9aecfd56bc171285a4c4ac8697f76e9bbbbb105e537853a1/cffi-2.0.0-cp311-cp311-win_arm64.whl", hash = "sha256:c6638687455baf640e37344fe26d37c404db8b80d037c3d29f58fe8d1c3b194d", size = 177635, upload-time = "2025-09-08T23:22:43.623Z" },
    { url = "https://files.pythonhosted.org/packages/ea/47/4f61023ea636104d4f16ab488e268b93008c3d0bb76893b1b31db1f96802/cffi-2.0.0-cp312-cp312-macosx_10_13_x86_64.whl", hash = "sha256:6d02d6655b0e54f54c4ef0b94eb6be0607b70853c45ce98bd278dc7de718be5d", size = 185271, upload-time = "2025-09-08T23:22:44.795Z" },
    { url = "https://files.pythonhosted.org/packages/df/a2/781b623f57358e360d62cdd7a8c681f074a71d445418a776eef0aadb4ab4/cffi-2.0.0-cp312-cp312-macosx_11_0_arm64.whl", hash = "sha256:8eca2a813c1cb7ad4fb74d368c2ffbbb4789d377ee5bb8df98373c2cc0dee76c", size = 181048, upload-time = "2025-09-08T23:22:45.938Z" },
    { url = "https://files.pythonhosted.org/packages/ff/df/a4f0fbd47331ceeba3d37c2e51e9dfc9722498becbeec2bd8bc856c9538a/cffi-2.0.0-cp312-cp312-manylinux1_i686.manylinux2014_i686.manylinux_2_17_i686.manylinux_2_5_i686.whl", hash = "sha256:21d1152871b019407d8ac3985f6775c079416c282e431a4da6afe7aefd2bccbe", size = 212529, upload-time = "2025-09-08T23:22:47.349Z" },
    { url = "https://files.pythonhosted.org/packages/d5/72/12b5f8d3865bf0f87cf1404d8c374e7487dcf097a1c91c436e72e6badd83/cffi-2.0.0-cp312-cp312-manylinux2014_aarch64.manylinux_2_17_aarch64.whl", hash = "sha256:b21e08af67b8a103c71a250401c78d5e0893beff75e28c53c98f4de42f774062", size = 220097, upload-time = "2025-09-08T23:22:48.677Z" },
    { url = "https://files.pythonhosted.org/packages/c2/95/7a135d52a50dfa7c882ab0ac17e8dc11cec9d55d2c18dda414c051c5e69e/cffi-2.0.0-cp312-cp312-manylinux2014_ppc64le.manylinux_2_17_ppc64le.whl", hash = "sha256:1e3a615586f05fc4065a8b22b8152f0c1b00cdbc60596d187c2a74f9e3036e4e", size = 207983, upload-time = "2025-09-08T23:22:50.06Z" },
    { url = "https://files.pythonhosted.org/packages/3a/c8/15cb9ada8895957ea171c62dc78ff3e99159ee7adb13c0123c001a2546c1/cffi-2.0.0-cp312-cp312-manylinux2014_s390x.manylinux_2_17_s390x.whl", hash = "sha256:81afed14892743bbe14dacb9e36d9e0e504cd204e0b165062c488942b9718037", size = 206519, upload-time = "2025-09-08T23:22:51.364Z" },
    { url = "https://files.pythonhosted.org/packages/78/2d/7fa73dfa841b5ac06c7b8855cfc18622132e365f5b81d02230333ff26e9e/cffi-2.0.0-cp312-cp312-manylinux2014_x86_64.manylinux_2_17_x86_64.whl", hash = "sha256:3e17ed538242334bf70832644a32a7aae3d83b57567f9fd60a26257e992b79ba", size = 219572, upload-time = "2025-09-08T23:22:52.902Z" },
    { url = "https://files.pythonhosted.org/packages/07/e0/267e57e387b4ca276b90f0434ff88b2c2241ad72b16d31836adddfd6031b/cffi-2.0.0-cp312-cp312-musllinux_1_2_aarch64.whl", hash = "sha256:3925dd22fa2b7699ed2617149842d2e6adde22b262fcbfada50e3d195e4b3a94", size = 222963, upload-time = "2025-09-08T23:22:54.518Z" },
    { url = "https://files.pythonhosted.org/packages/b6/75/1f2747525e06f53efbd878f4d03bac5b859cbc11c633d0fb81432d98a795/cffi-2.0.0-cp312-cp312-musllinux_1_2_x86_64.whl", hash = "sha256:2c8f814d84194c9ea681642fd164267891702542f028a15fc97d4674b6206187", size = 221361, upload-time = "2025-09-08T23:22:55.867Z" },
    { url = "https://files.pythonhosted.org/packages/7b/2b/2b6435f76bfeb6bbf055596976da087377ede68df465419d192acf00c437/cffi-2.0.0-cp312-cp312-win32.whl", hash = "sha256:da902562c3e9c550df360bfa53c035b2f241fed6d9aef119048073680ace4a18", size = 172932, upload-time = "2025-09-08T23:22:57.188Z" },
    { url = "https://files.pythonhosted.org/packages/f8/ed/13bd4418627013bec4ed6e54283b1959cf6db888048c7cf4b4c3b5b36002/cffi-2.0.0-cp312-cp312-win_amd64.whl", hash = "sha256:da68248800ad6320861f129cd9c1bf96ca849a2771a59e0344e88681905916f5", size = 183557, upload-time = "2025-09-08T23:22:58.351Z" },
    { url = "https://files.pythonhosted.org/packages/95/31/9f7f93ad2f8eff1dbc1c3656d7ca5bfd8fb52c9d786b4dcf19b2d02217fa/cffi-2.0.0-cp312-cp312-win_arm64.whl", hash = "sha256:4671d9dd5ec934cb9a73e7ee9676f9362aba54f7f34910956b84d727b0d73fb6", size = 177762, upload-time = "2025-09-08T23:22:59.668Z" },
    { url = "https://files.pythonhosted.org/packages/4b/8d/a0a47a0c9e413a658623d014e91e74a50cdd2c423f7ccfd44086ef767f90/cffi-2.0.0-cp313-cp313-macosx_10_13_x86_64.whl", hash = "sha256:00bdf7acc5f795150faa6957054fbbca2439db2f775ce831222b66f192f03beb", size = 185230, upload-time = "2025-09-08T23:23:00.879Z" },
    { url = "https://files.pythonhosted.org/packages/4a/d2/a6c0296814556c68ee32009d9c2ad4f85f2707cdecfd7727951ec228005d/cffi-2.0.0-cp313-cp313-macosx_11_0_arm64.whl", hash = "sha256:45d5e886156860dc35862657e1494b9bae8dfa63bf56796f2fb56e1679fc0bca", size = 181043, upload-time = "2025-09-08T23:23:02.231Z" },
    { url = "https://files.pythonhosted.org/packages/b0/1e/d22cc63332bd59b06481ceaac49d6c507598642e2230f201649058a7e704/cffi-2.0.0-cp313-cp313-manylinux1_i686.manylinux2014_i686.manylinux_2_17_i686.manylinux_2_5_i686.whl", hash = "sha256:07b271772c100085dd28b74fa0cd81c8fb1a3ba18b21e03d7c27f3436a10606b", size = 212446, upload-time = "2025-09-08T23:23:03.472Z" },
    { url = "https://files.pythonhosted.org/packages/a9/f5/a2c23eb03b61a0b8747f211eb716446c826ad66818ddc7810cc2cc19b3f2/cffi-2.0.0-cp313-cp313-manylinux2014_aarch64.manylinux_2_17_aarch64.whl", hash = "sha256:d48a880098c96020b02d5a1f7d9251308510ce8858940e6fa99ece33f610838b", size = 220101, upload-time = "2025-09-08T23:23:04.792Z" },
    { url = "https://files.pythonhosted.org/packages/f2/7f/e6647792fc5850d634695bc0e6ab4111ae88e89981d35ac269956605feba/cffi-2.0.0-cp313-cp313-manylinux2014_ppc64le.manylinux_2_17_ppc64le.whl", hash = "sha256:f93fd8e5c8c0a4aa1f424d6173f14a892044054871c771f8566e4008eaa359d2", size = 207948, upload-time = "2025-09-08T23:23:06.127Z" },
    { url = "https://files.pythonhosted.org/packages/cb/1e/a5a1bd6f1fb30f22573f76533de12a00bf274abcdc55c8edab639078abb6/cffi-2.0.0-cp313-cp313-manylinux2014_s390x.manylinux_2_17_s390x.whl", hash = "sha256:dd4f05f54a52fb558f1ba9f528228066954fee3ebe629fc1660d874d040ae5a3", size = 206422, upload-time = "2025-09-08T23:23:07.753Z" },
    { url = "https://files.pythonhosted.org/packages/98/df/0a1755e750013a2081e863e7cd37e0cdd02664372c754e5560099eb7aa44/cffi-2.0.0-cp313-cp313-manylinux2014_x86_64.manylinux_2_17_x86_64.whl", hash = "sha256:c8d3b5532fc71b7a77c09192b4a5a200ea992702734a2e9279a37f2478236f26", size = 219499, upload-time = "2025-09-08T23:23:09.648Z" },
    { url = "https://files.pythonhosted.org/packages/50/e1/a969e687fcf9ea58e6e2a928ad5e2dd88cc12f6f0ab477e9971f2309b57c/cffi-2.0.0-cp313-cp313-musllinux_1_2_aarch64.whl", hash = "sha256:d9b29c1f0ae438d5ee9acb31cadee00a58c46cc9c0b2f9038c6b0b3470877a8c", size = 222928, upload-time = "2025-09-08T23:23:10.928Z" },
    { url = "https://files.pythonhosted.org/packages/36/54/0362578dd2c9e557a28ac77698ed67323ed5b9775ca9d3fe73fe191bb5d8/cffi-2.0.0-cp313-cp313-musllinux_1_2_x86_64.whl", hash = "sha256:6d50360be4546678fc1b79ffe7a66265e28667840010348dd69a314145807a1b", size = 221302, upload-time = "2025-09-08T23:23:12.42Z" },
    { url = "https://files.pythonhosted.org/packages/eb/6d/bf9bda840d5f1dfdbf0feca87fbdb64a918a69bca42cfa0ba7b137c48cb8/cffi-2.0.0-cp313-cp313-win32.whl", hash = "sha256:74a03b9698e198d47562765773b4a8309919089150a0bb17d829ad7b44b60d27", size = 172909, upload-time = "2025-09-08T23:23:14.32Z" },
    { url = "https://files.pythonhosted.org/packages/37/18/6519e1ee6f5a1e579e04b9ddb6f1676c17368a7aba48299c3759bbc3c8b3/cffi-2.0.0-cp313-cp313-win_amd64.whl", hash = "sha256:19f705ada2530c1167abacb171925dd886168931e0a7b78f5bffcae5c6b5be75", size = 183402, upload-time = "2025-09-08T23:23:15.535Z" },
    { url = "https://files.pythonhosted.org/packages/cb/0e/02ceeec9a7d6ee63bb596121c2c8e9b3a9e150936f4fbef6ca1943e6137c/cffi-2.0.0-cp313-cp313-win_arm64.whl", hash = "sha256:256f80b80ca3853f90c21b23ee78cd008713787b1b1e93eae9f3d6a7134abd91", size = 177780, upload-time = "2025-09-08T23:23:16.761Z" },
    { url = "https://files.pythonhosted.org/packages/92/c4/3ce07396253a83250ee98564f8d7e9789fab8e58858f35d07a9a2c78de9f/cffi-2.0.0-cp314-cp314-macosx_10_13_x86_64.whl", hash = "sha256:fc33c5141b55ed366cfaad382df24fe7dcbc686de5be719b207bb248e3053dc5", size = 185320, upload-time = "2025-09-08T23:23:18.087Z" },
    { url = "https://files.pythonhosted.org/packages/59/dd/27e9fa567a23931c838c6b02d0764611c62290062a6d4e8ff7863daf9730/cffi-2.0.0-cp314-cp314-macosx_11_0_arm64.whl", hash = "sha256:c654de545946e0db659b3400168c9ad31b5d29593291482c43e3564effbcee13", size = 181487, upload-time = "2025-09-08T23:23:19.622Z" },
    { url = "https://files.pythonhosted.org/packages/d6/43/0e822876f87ea8a4ef95442c3d766a06a51fc5298823f884ef87aaad168c/cffi-2.0.0-cp314-cp314-manylinux2014_aarch64.manylinux_2_17_aarch64.whl", hash = "sha256:24b6f81f1983e6df8db3adc38562c83f7d4a0c36162885ec7f7b77c7dcbec97b", size = 220049, upload-time = "2025-09-08T23:23:20.853Z" },
    { url = "https://files.pythonhosted.org/packages/b4/89/76799151d9c2d2d1ead63c2429da9ea9d7aac304603de0c6e8764e6e8e70/cffi-2.0.0-cp314-cp314-manylinux2014_ppc64le.manylinux_2_17_ppc64le.whl", hash = "sha256:12873ca6cb9b0f0d3a0da705d6086fe911591737a59f28b7936bdfed27c0d47c", size = 207793, upload-time = "2025-09-08T23:23:22.08Z" },
    { url = "https://files.pythonhosted.org/packages/bb/dd/3465b14bb9e24ee24cb88c9e3730f6de63111fffe513492bf8c808a3547e/cffi-2.0.0-cp314-cp314-manylinux2014_s390x.manylinux_2_17_s390x.whl", hash = "sha256:d9b97165e8aed9272a6bb17c01e3cc5871a594a446ebedc996e2397a1c1ea8ef", size = 206300, upload-time = "2025-09-08T23:23:23.314Z" },
    { url = "https://files.pythonhosted.org/packages/47/d9/d83e293854571c877a92da46fdec39158f8d7e68da75bf73581225d28e90/cffi-2.0.0-cp314-cp314-manylinux2014_x86_64.manylinux_2_17_x86_64.whl", hash = "sha256:afb8db5439b81cf9c9d0c80404b60c3cc9c3add93e114dcae767f1477cb53775", size = 219244, upload-time = "2025-09-08T23:23:24.541Z" },
    { url = "https://files.pythonhosted.org/packages/2b/0f/1f177e3683aead2bb00f7679a16451d302c436b5cbf2505f0ea8146ef59e/cffi-2.0.0-cp314-cp314-musllinux_1_2_aarch64.whl", hash = "sha256:737fe7d37e1a1bffe70bd5754ea763a62a066dc5913ca57e957824b72a85e205", size = 222828, upload-time = "2025-09-08T23:23:26.143Z" },
    { url = "https://files.pythonhosted.org/packages/c6/0f/cafacebd4b040e3119dcb32fed8bdef8dfe94da653155f9d0b9dc660166e/cffi-2.0.0-cp314-cp314-musllinux_1_2_x86_64.whl", hash = "sha256:38100abb9d1b1435bc4cc340bb4489635dc2f0da7456590877030c9b3d40b0c1", size = 220926, upload-time = "2025-09-08T23:23:27.873Z" },
    { url = "https://files.pythonhosted.org/packages/3e/aa/df335faa45b395396fcbc03de2dfcab242cd61a9900e914fe682a59170b1/cffi-2.0.0-cp314-cp314-win32.whl", hash = "sha256:087067fa8953339c723661eda6b54bc98c5625757ea62e95eb4898ad5e776e9f", size = 175328, upload-time = "2025-09-08T23:23:44.61Z" },
    { url = "https://files.pythonhosted.org/packages/bb/92/882c2d30831744296ce713f0feb4c1cd30f346ef747b530b5318715cc367/cffi-2.0.0-cp314-cp314-win_amd64.whl", hash = "sha256:203a48d1fb583fc7d78a4c6655692963b860a417c0528492a6bc21f1aaefab25", size = 185650, upload-time = "2025-09-08T23:23:45.848Z" },
    { url = "https://files.pythonhosted.org/packages/9f/2c/98ece204b9d35a7366b5b2c6539c350313ca13932143e79dc133ba757104/cffi-2.0.0-cp314-cp314-win_arm64.whl", hash = "sha256:dbd5c7a25a7cb98f5ca55d258b103a2054f859a46ae11aaf23134f9cc0d356ad", size = 180687, upload-time = "2025-09-08T23:23:47.105Z" },
    { url = "https://files.pythonhosted.org/packages/3e/61/c768e4d548bfa607abcda77423448df8c471f25dbe64fb2ef6d555eae006/cffi-2.0.0-cp314-cp314t-macosx_10_13_x86_64.whl", hash = "sha256:9a67fc9e8eb39039280526379fb3a70023d77caec1852002b4da7e8b270c4dd9", size = 188773, upload-time = "2025-09-08T23:23:29.347Z" },
    { url = "https://files.pythonhosted.org/packages/2c/ea/5f76bce7cf6fcd0ab1a1058b5af899bfbef198bea4d5686da88471ea0336/cffi-2.0.0-cp314-cp314t-macosx_11_0_arm64.whl", hash = "sha256:7a66c7204d8869299919db4d5069a82f1561581af12b11b3c9f48c584eb8743d", size = 185013, upload-time = "2025-09-08T23:23:30.63Z" },
    { url = "https://files.pythonhosted.org/packages/be/b4/c56878d0d1755cf9caa54ba71e5d049479c52f9e4afc230f06822162ab2f/cffi-2.0.0-cp314-cp314t-manylinux2014_aarch64.manylinux_2_17_aarch64.whl", hash = "sha256:7cc09976e8b56f8cebd752f7113ad07752461f48a58cbba644139015ac24954c", size = 221593, upload-time = "2025-09-08T23:23:31.91Z" },
    { url = "https://files.pythonhosted.org/packages/e0/0d/eb704606dfe8033e7128df5e90fee946bbcb64a04fcdaa97321309004000/cffi-2.0.0-cp314-cp314t-manylinux2014_ppc64le.manylinux_2_17_ppc64le.whl", hash = "sha256:92b68146a71df78564e4ef48af17551a5ddd142e5190cdf2c5624d0c3ff5b2e8", size = 209354, upload-time = "2025-09-08T23:23:33.214Z" },
    { url = "https://files.pythonhosted.org/packages/d8/19/3c435d727b368ca475fb8742ab97c9cb13a0de600ce86f62eab7fa3eea60/cffi-2.0.0-cp314-cp314t-manylinux2014_s390x.manylinux_2_17_s390x.whl", hash = "sha256:b1e74d11748e7e98e2f426ab176d4ed720a64412b6a15054378afdb71e0f37dc", size = 208480, upload-time = "2025-09-08T23:23:34.495Z" },
    { url = "https://files.pythonhosted.org/packages/d0/44/681604464ed9541673e486521497406fadcc15b5217c3e326b061696899a/cffi-2.0.0-cp314-cp314t-manylinux2014_x86_64.manylinux_2_17_x86_64.whl", hash = "sha256:28a3a209b96630bca57cce802da70c266eb08c6e97e5afd61a75611ee6c64592", size = 221584, upload-time = "2025-09-08T23:23:36.096Z" },
    { url = "https://files.pythonhosted.org/packages/25/8e/342a504ff018a2825d395d44d63a767dd8ebc927ebda557fecdaca3ac33a/cffi-2.0.0-cp314-cp314t-musllinux_1_2_aarch64.whl", hash = "sha256:7553fb2090d71822f02c629afe6042c299edf91ba1bf94951165613553984512", size = 224443, upload-time = "2025-09-08T23:23:37.328Z" },
    { url = "https://files.pythonhosted.org/packages/e1/5e/b666bacbbc60fbf415ba9988324a132c9a7a0448a9a8f125074671c0f2c3/cffi-2.0.0-cp314-cp314t-musllinux_1_2_x86_64.whl", hash = "sha256:6c6c373cfc5c83a975506110d17457138c8c63016b563cc9ed6e056a82f13ce4", size = 223437, upload-time = "2025-09-08T23:23:38.945Z" },
    { url = "https://files.pythonhosted.org/packages/a0/1d/ec1a60bd1a10daa292d3cd6bb0b359a81607154fb8165f3ec95fe003b85c/cffi-2.0.0-cp314-cp314t-win32.whl", hash = "sha256:1fc9ea04857caf665289b7a75923f2c6ed559b8298a1b8c49e59f7dd95c8481e", size = 180487, upload-time = "2025-09-08T23:23:40.423Z" },
    { url = "https://files.pythonhosted.org/packages/bf/41/4c1168c74fac325c0c8156f04b6749c8b6a8f405bbf91413ba088359f60d/cffi-2.0.0-cp314-cp314t-win_amd64.whl", hash = "sha256:d68b6cef7827e8641e8ef16f4494edda8b36104d79773a334beaa1e3521430f6", size = 191726, upload-time = "2025-09-08T23:23:41.742Z" },
    { url = "https://files.pythonhosted.org/packages/ae/3a/dbeec9d1ee0844c679f6bb5d6ad4e9f198b1224f4e7a32825f47f6192b0c/cffi-2.0.0-cp314-cp314t-win_arm64.whl", hash = "sha256:0a1527a803f0a659de1af2e1fd700213caba79377e27e4693648c2923da066f9", size = 184195, upload-time = "2025-09-08T23:23:43.004Z" },
]

[[package]]
name = "fly-in"
version = "1.0.0"
source = { virtual = "." }
dependencies = [
    { name = "raylib" },
]

[package.metadata]
requires-dist = [{ name = "raylib", specifier = ">=5.5.0.3" }]

[[package]]
name = "pycparser"
version = "3.0"
source = { registry = "https://pypi.org/simple" }
sdist = { url = "https://files.pythonhosted.org/packages/1b/7d/92392ff7815c21062bea51aa7b87d45576f649f16458d78b7cf94b9ab2e6/pycparser-3.0.tar.gz", hash = "sha256:600f49d217304a5902ac3c37e1281c9fe94e4d0489de643a9504c5cdfdfc6b29", size = 103492, upload-time = "2026-01-21T14:26:51.89Z" }
wheels = [
    { url = "https://files.pythonhosted.org/packages/0c/c3/44f3fbbfa403ea2a7c779186dc20772604442dde72947e7d01069cbe98e3/pycparser-3.0-py3-none-any.whl", hash = "sha256:b727414169a36b7d524c1c3e31839a521725078d7b2ff038656844266160a992", size = 48172, upload-time = "2026-01-21T14:26:50.693Z" },
]

[[package]]
name = "raylib"
version = "5.5.0.4"
source = { registry = "https://pypi.org/simple" }
dependencies = [
    { name = "cffi" },
]
sdist = { url = "https://files.pythonhosted.org/packages/7c/4b/858958762c075c54058ee3b0771838fd505ca908871e6a0397b01086e526/raylib-5.5.0.4.tar.gz", hash = "sha256:996506e8a533cd7a6a3ef6c44ec11f9d6936698f2c394a991af8022be33079a0", size = 184413, upload-time = "2025-12-11T15:32:12.465Z" }
wheels = [
    { url = "https://files.pythonhosted.org/packages/99/3d/7d9a464ff4c14e248e66eb5ffbcc694ac35428e2a8cb91c3311ac6eec1b6/raylib-5.5.0.4-cp310-cp310-macosx_11_0_arm64.whl", hash = "sha256:97a184c783d651398c6951dfb8bfea95252de7da0cc4c4f0a3675df059eee4a7", size = 1550309, upload-time = "2025-12-11T15:26:59.748Z" },
    { url = "https://files.pythonhosted.org/packages/81/f6/553715ebc09e603facf01cc7f3b6090972b1c9f3c3a520e96028d3078019/raylib-5.5.0.4-cp310-cp310-macosx_13_0_x86_64.whl", hash = "sha256:68396c00ed100e5105483fc728b418ad70dee6b7dda9e1b61fed0c39201415a4", size = 1353501, upload-time = "2025-12-11T15:27:01.505Z" },
    { url = "https://files.pythonhosted.org/packages/e1/8f/3d424ded06061f3d0918bdcf70359ae2fc5fad714ff08206432a5a060c29/raylib-5.5.0.4-cp310-cp310-manylinux2010_i686.manylinux_2_12_i686.whl", hash = "sha256:ba72f0e3b47ef847d9d16c447e6c65e5f24957dfdbd901302f47ef98a36bb79d", size = 2036036, upload-time = "2025-12-11T15:27:03.792Z" },
    { url = "https://files.pythonhosted.org/packages/e8/84/51e86874a9cd6b4cb5c989379866adb8ab878bd712c8d16f547208862f28/raylib-5.5.0.4-cp310-cp310-manylinux2014_aarch64.whl", hash = "sha256:aaaac8d75e89083d69199427f5ab6a36904d876deee3921f667f6fe4a420eeab", size = 2187521, upload-time = "2025-12-11T18:50:02.659Z" },
    { url = "https://files.pythonhosted.org/packages/3d/8e/1de634a4011af015f7990bd8f23e3f0b606b81c63586a3e892fb92a56655/raylib-5.5.0.4-cp310-cp310-manylinux2014_x86_64.manylinux_2_17_x86_64.whl", hash = "sha256:9be401154b2fe2b4dc6679488ad2857f31051462f7146c085a1b39599a806af0", size = 2186903, upload-time = "2025-12-11T15:27:06.399Z" },
    { url = "https://files.pythonhosted.org/packages/0a/61/5cedc1f3d0a89ce30061c122e3ac3ba998429b67cc9858e42a15c0349ebe/raylib-5.5.0.4-cp310-cp310-win32.whl", hash = "sha256:57a98f273aef5b1cc1bfa442e5c347855997cd21ba098649baeaa4f326b935d7", size = 1456774, upload-time = "2025-12-11T15:27:11.315Z" },
    { url = "https://files.pythonhosted.org/packages/f0/bd/f42e047168db1ae4e4da1a9dda3047a94aa491812d1de14d7cdc6b0369b9/raylib-5.5.0.4-cp310-cp310-win_amd64.whl", hash = "sha256:33ebd0831210061a6b7bea4d0638d5e173cdce67f39b691b8da47449718c9afe", size = 1705560, upload-time = "2025-12-11T15:27:13.322Z" },
    { url = "https://files.pythonhosted.org/packages/c2/14/98a78b819d7374dab309525ce45cd591d0d62db7f6ed2d5ed32b8f55d62b/raylib-5.5.0.4-cp311-cp311-macosx_10_13_x86_64.whl", hash = "sha256:09717ed32c9ec1c574370e2e2d30e9bc13876f7e2f2dd6e04dc366dae23e0994", size = 1632797, upload-time = "2025-12-11T15:27:15.429Z" },
    { url = "https://files.pythonhosted.org/packages/1e/f4/ec949f45274cf266875b30b67f8cb7243ecced05080cec54bf65ec73a8b2/raylib-5.5.0.4-cp311-cp311-macosx_11_0_arm64.whl", hash = "sha256:cef7b0e238eafc80a3be7e3c656a3ddc94cc523790758b7130df1957ba4ad4ad", size = 1550301, upload-time = "2025-12-11T15:27:17.429Z" },
    { url = "https://files.pythonhosted.org/packages/c4/5a/8f60d367147019acef342746f20121b2341ec6596acd5c7941cb36bda02e/raylib-5.5.0.4-cp311-cp311-manylinux2010_i686.manylinux_2_12_i686.whl", hash = "sha256:bdaa119b767f380caf6dd4f9d42ab3bf8596d8fb98737d2951b36924a5a83ac0", size = 2036797, upload-time = "2025-12-11T15:27:20.044Z" },
    { url = "https://files.pythonhosted.org/packages/dd/ad/97dd93c389263c61a3057065f0f70db5fdc3c5768fa383a9b3e989ddb6a7/raylib-5.5.0.4-cp311-cp311-manylinux2014_aarch64.whl", hash = "sha256:6a5cdeeb803d081342961eb1f7c4161af27e951d9ecf2b56d469d5730fcc6213", size = 2188009, upload-time = "2025-12-11T18:50:05.612Z" },
    { url = "https://files.pythonhosted.org/packages/42/6a/55be04012f3459842389689326910204f985cffcb8989a92475221f5660a/raylib-5.5.0.4-cp311-cp311-manylinux2014_x86_64.manylinux_2_17_x86_64.whl", hash = "sha256:4067fa8a6ed3eb78a1162fc2d40ce8c26c26c5ee544019d1902accf21ec22add", size = 2187633, upload-time = "2025-12-11T15:27:22.345Z" },
    { url = "https://files.pythonhosted.org/packages/6b/18/b69d9ad9f4064785ad29c73672d40b36c59c3b3efd1dee264cdff4b48bf6/raylib-5.5.0.4-cp311-cp311-win32.whl", hash = "sha256:f01a769bb0797ab4f6e1efc950d5d8aca53548e97da7f527190a1ca5f671c389", size = 1456775, upload-time = "2025-12-11T15:27:26.776Z" },
    { url = "https://files.pythonhosted.org/packages/1a/7a/4025d9ceeee8e3ae4748b0f6c356c5ce97628bd5da8a056b6782c87f7e65/raylib-5.5.0.4-cp311-cp311-win_amd64.whl", hash = "sha256:34771dea34a30fa4657f35b344d5ebf9eb11d9b62b23d9349742db5c5f3992bd", size = 1705555, upload-time = "2025-12-11T15:27:28.888Z" },
    { url = "https://files.pythonhosted.org/packages/95/21/9117d7013997a65f6d51c6f56145b2c583eeba8f7c1af71a60776eaae9b9/raylib-5.5.0.4-cp312-cp312-macosx_10_13_x86_64.whl", hash = "sha256:31f64f71e42fed10e8f3629028c9f5700906e0e573b915cfc2244d7a3f3b2ed9", size = 1635486, upload-time = "2025-12-11T15:27:31.05Z" },
    { url = "https://files.pythonhosted.org/packages/1c/a3/e55039c8f49856c5a194f2b81f27ca6ba2d5900024f09435587e177bfaf2/raylib-5.5.0.4-cp312-cp312-macosx_11_0_arm64.whl", hash = "sha256:80bfa053e765d47a9f58d59e321a999184b5a5190e369dd015c12fcfd08d6217", size = 1554132, upload-time = "2025-12-11T15:27:33.291Z" },
    { url = "https://files.pythonhosted.org/packages/58/1c/86bee75ecaa577214da16b374f8de70b45885452703f622c63e06baa0b8e/raylib-5.5.0.4-cp312-cp312-manylinux2010_i686.manylinux_2_12_i686.whl", hash = "sha256:033240c61c1a1fc06fecff747a183671431a4ce63a0c8aafec59217845f86888", size = 2039888, upload-time = "2025-12-11T15:27:36.059Z" },
    { url = "https://files.pythonhosted.org/packages/fb/f9/00763899bb8a178a927b5dda90aca692c80ff6cec5f51e6fee88db3f45c2/raylib-5.5.0.4-cp312-cp312-manylinux2014_aarch64.whl", hash = "sha256:ba87ca50c5748cab75de37a991b7f3f836ce500efbb2d737a923a5f464169088", size = 2198926, upload-time = "2025-12-11T18:50:08.813Z" },
    { url = "https://files.pythonhosted.org/packages/6b/e9/0123385e369904335985ebd59157f7a10c89c3a706dffcf6dace863a1fa2/raylib-5.5.0.4-cp312-cp312-manylinux2014_x86_64.manylinux_2_17_x86_64.whl", hash = "sha256:788830bc371ce067c4930ff46a1b6eca0c9cf27bac88f81b035e4b73cc6bf197", size = 2205629, upload-time = "2025-12-11T15:27:39.491Z" },
    { url = "https://files.pythonhosted.org/packages/5c/fa/c25087b39d2db2d833a52b4056ae62db74e64b4be677f816e0b368e65453/raylib-5.5.0.4-cp312-cp312-win32.whl", hash = "sha256:e09f395035484337776c90e6c9955c5876b988db7e13168dcadb6ed11974f8ee", size = 1457266, upload-time = "2025-12-11T15:27:43.798Z" },
    { url = "https://files.pythonhosted.org/packages/2c/66/a307e61c953ace906ba68ba1174ed8f1e90e68d5fc3e3af9fb7dc46d68d1/raylib-5.5.0.4-cp312-cp312-win_amd64.whl", hash = "sha256:553043a050a31f2ef072f26d3a70373f838a04733f7c5b26a4e9ee3f8caf06ec", size = 1708354, upload-time = "2025-12-11T15:27:45.979Z" },
    { url = "https://files.pythonhosted.org/packages/9c/5d/8aa9b91f736d7b3fc4086cd8c7e7f172882b7e4b6b6a564b51c63bd80fd2/raylib-5.5.0.4-cp313-cp313-macosx_10_13_x86_64.whl", hash = "sha256:24581f487952386926d5ebde7e2fefc29c5fcd9b3721b65494ef535ac984f867", size = 1635537, upload-time = "2025-12-11T15:27:48.031Z" },
    { url = "https://files.pythonhosted.org/packages/bc/fa/7276ff621f9976fce6d25820df86c8aed3435a882830fb319f925249f662/raylib-5.5.0.4-cp313-cp313-macosx_11_0_arm64.whl", hash = "sha256:31234b890dc5b4502cc8d31a5598d587a6d52a34c24c13a89a6f6a7e97bb3666", size = 1553997, upload-time = "2025-12-11T15:27:50.087Z" },
    { url = "https://files.pythonhosted.org/packages/34/9a/66e8a56efbcb5fd185a84a2f9614167208e2dc659d401cf621cdfe8e0ed9/raylib-5.5.0.4-cp313-cp313-manylinux2010_i686.manylinux_2_12_i686.whl", hash = "sha256:be5f32d4b0a4c5b771d47e14571ae8a9107327b425b17e22a65a3e22a85d6505", size = 2039880, upload-time = "2025-12-11T15:27:52.34Z" },
    { url = "https://files.pythonhosted.org/packages/3e/1b/d8c39c7930212576a59db549a6ec01588e95e01b34641fd6109b3077307b/raylib-5.5.0.4-cp313-cp313-manylinux2014_aarch64.whl", hash = "sha256:a4c59f50ea4ac41d4a8ba7a85b573dcf2423b7ad276804a000ff4380c3c94ac9", size = 2199336, upload-time = "2025-12-11T18:50:11.23Z" },
    { url = "https://files.pythonhosted.org/packages/26/6e/09dc5130270d9961b2f2d17f20a92a9c144b0ab40646106c2ef6d3dd2e2e/raylib-5.5.0.4-cp313-cp313-manylinux2014_x86_64.manylinux_2_17_x86_64.whl", hash = "sha256:42c14158f48bf926eaacbc98c3742a9f156a3b52380eeb81fabc2525b2525659", size = 2205634, upload-time = "2025-12-11T15:27:55.202Z" },
    { url = "https://files.pythonhosted.org/packages/ca/9e/df967eba58041b9cde4690145ff4117bc1d1932b40ab02c1ff12fdb500ec/raylib-5.5.0.4-cp313-cp313-win32.whl", hash = "sha256:70e2b792375db2df628c5fcee40221a0af920ef0460ad3d058196c85327a9c70", size = 1457270, upload-time = "2025-12-11T15:27:59.855Z" },
    { url = "https://files.pythonhosted.org/packages/2c/dd/baa9fbcc36d771b89cf34706754593fedf6ffb27969d2d40907752fbc1ca/raylib-5.5.0.4-cp313-cp313-win_amd64.whl", hash = "sha256:2115a548fcdd72ad5cf2b4a40e5a551b34e7cacb782779a88eaab624efbd00f2", size = 1708358, upload-time = "2025-12-11T15:28:02.295Z" },
    { url = "https://files.pythonhosted.org/packages/f5/8a/dcfd730b31c80eba733a7dbb8a2ac8666fd6787fbfe441a766484d220fcd/raylib-5.5.0.4-cp314-cp314-macosx_10_15_x86_64.whl", hash = "sha256:d1cce93ad4af5fb297c21f20b39a03aef431f70a44acc1da96dda249c248d5b5", size = 1636380, upload-time = "2025-12-11T15:28:04.624Z" },
    { url = "https://files.pythonhosted.org/packages/a4/89/1d2cfc16ee69e3b15f49006c188feb47ed3b867a2e4c8a92e44e5490675d/raylib-5.5.0.4-cp314-cp314-macosx_11_0_arm64.whl", hash = "sha256:b00d2f4df5d8978781ae806dc709086fdeddbfb4981cc8634bdb0064bc57865a", size = 1554754, upload-time = "2025-12-11T15:28:06.575Z" },
    { url = "https://files.pythonhosted.org/packages/a7/cb/6d4eb57c9c2afff3f458296f7859dd7480e5e982ab3bfbdf5032cd6b304a/raylib-5.5.0.4-cp314-cp314-manylinux2010_i686.manylinux_2_12_i686.whl", hash = "sha256:ba4c85d0688266074c31dd956bb87419d2caf86a518e7d3b04a4305b9c9ed4d5", size = 2039886, upload-time = "2025-12-11T15:28:08.93Z" },
    { url = "https://files.pythonhosted.org/packages/a7/f9/9999b3ce29c8e1d2cd299a2e27b5e9b67c5c24023dcd005f0e20dd47fb53/raylib-5.5.0.4-cp314-cp314-manylinux2014_aarch64.whl", hash = "sha256:d229d94e35e1575c82e47a0fc16e7c3059a2cd3692f82da116afdcf7f162fc08", size = 2168723, upload-time = "2025-12-11T18:50:13.609Z" },
    { url = "https://files.pythonhosted.org/packages/cc/b4/817944e9cbf8a3f6a8a0d1914fa68a28effb3b455dd57a244684b79bfac7/raylib-5.5.0.4-cp314-cp314-manylinux2014_x86_64.manylinux_2_17_x86_64.whl", hash = "sha256:9784976d71ef1e95ed4e652c410052c22dcc3f59fee752784fdb6e1d702b2e97", size = 2201283, upload-time = "2025-12-11T15:28:11.357Z" },
    { url = "https://files.pythonhosted.org/packages/95/ea/02914524f5a4f774f9965e9865283260b7c0a733da7a6e6c3627287f4ffa/raylib-5.5.0.4-cp314-cp314-win32.whl", hash = "sha256:ca0a19c251cc1f3574e1f9fe33a4b0a6a661479b3d5d593487072485e8b14eee", size = 1495571, upload-time = "2025-12-11T15:28:16.015Z" },
    { url = "https://files.pythonhosted.org/packages/38/7f/542019daf0e13e2f5c178f7f37a76e8493d6a0952332ffd1a55f34738ff1/raylib-5.5.0.4-cp314-cp314-win_amd64.whl", hash = "sha256:cb1453fc68ee2ad5848ee41123ec1aab97d5a553e55aeb1071a332e1c8626a48", size = 1763211, upload-time = "2025-12-11T15:28:18.261Z" },
    { url = "https://files.pythonhosted.org/packages/b4/3f/a39ed56d73978d5eca7b9e9d1ca50a61c39caa1547576c27b0f4f884c9b9/raylib-5.5.0.4-pp310-pypy310_pp73-macosx_10_15_x86_64.whl", hash = "sha256:a205dbbdacdbad838a5dbb6886463e1bccd505c76d9318cde11b3b3fe864375a", size = 1211553, upload-time = "2025-12-11T15:28:20.115Z" },
    { url = "https://files.pythonhosted.org/packages/50/bd/bf87f611036111cb3cd9c71f375b291ec384bc7008c3711a2fcd1383a8aa/raylib-5.5.0.4-pp310-pypy310_pp73-win_amd64.whl", hash = "sha256:f8f331c70ee1cdf8082d5fd6445fa2b405d7159df9820f885d1c7816eed84921", size = 1572457, upload-time = "2025-12-11T15:28:22.149Z" },
    { url = "https://files.pythonhosted.org/packages/e8/ba/fee7e6ae0be850f6581d4084ea97825b7895c8866fa8b2df347d408c8293/raylib-5.5.0.4-pp311-pypy311_pp73-macosx_10_15_x86_64.whl", hash = "sha256:c318357ce721c62a6848b6d84b26574cd77267e5758cfa2dbc01d4deb2a2b0b8", size = 1211520, upload-time = "2025-12-11T15:28:30.266Z" },
    { url = "https://files.pythonhosted.org/packages/80/a0/847066c6d824f535068112ed362d41c499f9a4aca52b82b74d9dfb1bdfc7/raylib-5.5.0.4-pp311-pypy311_pp73-manylinux2014_x86_64.manylinux_2_17_x86_64.whl", hash = "sha256:82a0ea2859d04f3b5b441910881ec48789484463856168fa8f35c7165e11d44c", size = 1433828, upload-time = "2025-12-11T15:28:32.204Z" },
    { url = "https://files.pythonhosted.org/packages/40/c6/a2cfb01d63246602ce49111f08d8716e1c7c2994efe4e14d87450176393c/raylib-5.5.0.4-pp311-pypy311_pp73-win_amd64.whl", hash = "sha256:871e77547cd3f78d98a47bef491821cd25c879b3b3b79f1973d8fb3f8841cdfb", size = 1572456, upload-time = "2025-12-11T15:28:34.333Z" },
]
